
Microsoft Visual Studio Solution File, Format Version 12.00
# Visual Studio Version 16
VisualStudioVersion = 16.0.32901.82
MinimumVisualStudioVersion = 10.0.40219.1
Project("{FAE04EC0-301F-11D3-BF4B-00C04F79EFBC}") = "SplitExcelFile", "SplitExcelFile\SplitExcelFile.csproj", "{6CB818C9-7E51-4FB3-97E9-D1FA7714C13F}"
EndProject
Global
	GlobalSection(SolutionConfigurationPlatforms) = preSolution
		Debug|Any CPU = Debug|Any CPU
		Release|Any CPU = Release|Any CPU
	EndGlobalSection
	GlobalSection(ProjectConfigurationPlatforms) = postSolution
		{6CB818C9-7E51-4FB3-97E9-D1FA7714C13F}.Debug|Any CPU.ActiveCfg = Debug|Any CPU
		{6CB818C9-7E51-4FB3-97E9-D1FA7714C13F}.Debug|Any CPU.Build.0 = Debug|Any CPU
		{6CB818C9-7E51-4FB3-97E9-D1FA7714C13F}.Release|Any CPU.ActiveCfg = Release|Any CPU
		{6CB818C9-7E51-4FB3-97E9-D1FA7714C13F}.Release|Any CPU.Build.0 = Release|Any CPU
	EndGlobalSection
	GlobalSection(SolutionProperties) = preSolution
		HideSolutionNode = FALSE
	EndGlobalSection
	GlobalSection(ExtensibilityGlobals) = postSolution
		SolutionGuid = {DFA7E37A-75E9-4398-8871-D7583B29DDA5}
	EndGlobalSection
EndGlobal
